
Microsoft Visual Studio Solution File, Format Version 12.00
Project("{FAE04EC0-301F-11D3-BF4B-00C04F79EFBC}") = "BlazorWasmAot", "BlazorWasmAot\BlazorWasmAot\BlazorWasmAot.csproj", "{A9FD1760-5B4B-4676-8CC0-2C2751E9466A}"
EndProject
Project("{FAE04EC0-301F-11D3-BF4B-00C04F79EFBC}") = "BlazorWasmAot.Client", "BlazorWasmAot\BlazorWasmAot.Client\BlazorWasmAot.Client.csproj", "{653F2A09-1685-4681-AEA3-173F6DA0C58F}"
EndProject
Global
	GlobalSection(SolutionConfigurationPlatforms) = preSolution
		Debug|Any CPU = Debug|Any CPU
		Release|Any CPU = Release|Any CPU
	EndGlobalSection
	GlobalSection(ProjectConfigurationPlatforms) = postSolution
		{A9FD1760-5B4B-4676-8CC0-2C2751E9466A}.Debug|Any CPU.ActiveCfg = Debug|Any CPU
		{A9FD1760-5B4B-4676-8CC0-2C2751E9466A}.Debug|Any CPU.Build.0 = Debug|Any CPU
		{A9FD1760-5B4B-4676-8CC0-2C2751E9466A}.Release|Any CPU.ActiveCfg = Release|Any CPU
		{A9FD1760-5B4B-4676-8CC0-2C2751E9466A}.Release|Any CPU.Build.0 = Release|Any CPU
		{653F2A09-1685-4681-AEA3-173F6DA0C58F}.Debug|Any CPU.ActiveCfg = Debug|Any CPU
		{653F2A09-1685-4681-AEA3-173F6DA0C58F}.Debug|Any CPU.Build.0 = Debug|Any CPU
		{653F2A09-1685-4681-AEA3-173F6DA0C58F}.Release|Any CPU.ActiveCfg = Release|Any CPU
		{653F2A09-1685-4681-AEA3-173F6DA0C58F}.Release|Any CPU.Build.0 = Release|Any CPU
	EndGlobalSection
EndGlobal
